// !$*UTF8*$!
{
	archiveVersion = 1;
	classes = {
	};
	objectVersion = 48;
	objects = {

/* Begin PBXBuildFile section */
		84D9503220231CA600A101D3 /* AppDelegate.swift in Sources */ = {isa = PBXBuildFile; fileRef = 84D9503120231CA600A101D3 /* AppDelegate.swift */; };
		84D9503720231CA600A101D3 /* Main.storyboard in Resources */ = {isa = PBXBuildFile; fileRef = 84D9503520231CA600A101D3 /* Main.storyboard */; };
		84D9503A20231CA600A101D3 /* ShoppingCart.xcdatamodeld in Sources */ = {isa = PBXBuildFile; fileRef = 84D9503820231CA600A101D3 /* ShoppingCart.xcdatamodeld */; };
		84D9503C20231CA600A101D3 /* Assets.xcassets in Resources */ = {isa = PBXBuildFile; fileRef = 84D9503B20231CA600A101D3 /* Assets.xcassets */; };
		84D9503F20231CA600A101D3 /* LaunchScreen.storyboard in Resources */ = {isa = PBXBuildFile; fileRef = 84D9503D20231CA600A101D3 /* LaunchScreen.storyboard */; };
		84D9504820231E3D00A101D3 /* ProductsViewController.swift in Sources */ = {isa = PBXBuildFile; fileRef = 84D9504720231E3D00A101D3 /* ProductsViewController.swift */; };
		84D9504A20231E4D00A101D3 /* CartViewController.swift in Sources */ = {isa = PBXBuildFile; fileRef = 84D9504920231E4D00A101D3 /* CartViewController.swift */; };
		84D9504C20231E5C00A101D3 /* CurrenciesViewController.swift in Sources */ = {isa = PBXBuildFile; fileRef = 84D9504B20231E5C00A101D3 /* CurrenciesViewController.swift */; };
		84D9504E2023242E00A101D3 /* ProductTableViewCell.swift in Sources */ = {isa = PBXBuildFile; fileRef = 84D9504D2023242E00A101D3 /* ProductTableViewCell.swift */; };
		84D950522023292400A101D3 /* CoreDataManager.swift in Sources */ = {isa = PBXBuildFile; fileRef = 84D950512023292400A101D3 /* CoreDataManager.swift */; };
		84D950542023331E00A101D3 /* CoreDataLocalDataImport.swift in Sources */ = {isa = PBXBuildFile; fileRef = 84D950532023331E00A101D3 /* CoreDataLocalDataImport.swift */; };
		84D950562023334700A101D3 /* products1.plist in Resources */ = {isa = PBXBuildFile; fileRef = 84D950552023334700A101D3 /* products1.plist */; };
		84D9505820234DDF00A101D3 /* Product+Extension.swift in Sources */ = {isa = PBXBuildFile; fileRef = 84D9505720234DDF00A101D3 /* Product+Extension.swift */; };
		84D9505A2023562000A101D3 /* CartTableViewCell.swift in Sources */ = {isa = PBXBuildFile; fileRef = 84D950592023562000A101D3 /* CartTableViewCell.swift */; };
		84D9505C202358B700A101D3 /* SaleItem+Extension.swift in Sources */ = {isa = PBXBuildFile; fileRef = 84D9505B202358B700A101D3 /* SaleItem+Extension.swift */; };
		84D9505E202359E000A101D3 /* Sale+Extension.swift in Sources */ = {isa = PBXBuildFile; fileRef = 84D9505D202359E000A101D3 /* Sale+Extension.swift */; };
		84D9506020235B0A00A101D3 /* SaleManager.swift in Sources */ = {isa = PBXBuildFile; fileRef = 84D9505F20235B0A00A101D3 /* SaleManager.swift */; };
/* End PBXBuildFile section */

/* Begin PBXFileReference section */
		84D9502E20231CA600A101D3 /* ShoppingCart.app */ = {isa = PBXFileReference; explicitFileType = wrapper.application; includeInIndex = 0; path = ShoppingCart.app; sourceTree = BUILT_PRODUCTS_DIR; };
		84D9503120231CA600A101D3 /* AppDelegate.swift */ = {isa = PBXFileReference; lastKnownFileType = sourcecode.swift; path = AppDelegate.swift; sourceTree = "<group>"; };
		84D9503620231CA600A101D3 /* Base */ = {isa = PBXFileReference; lastKnownFileType = file.storyboard; name = Base; path = Base.lproj/Main.storyboard; sourceTree = "<group>"; };
		84D9503920231CA600A101D3 /* ShoppingCart.xcdatamodel */ = {isa = PBXFileReference; lastKnownFileType = wrapper.xcdatamodel; path = ShoppingCart.xcdatamodel; sourceTree = "<group>"; };
		84D9503B20231CA600A101D3 /* Assets.xcassets */ = {isa = PBXFileReference; lastKnownFileType = folder.assetcatalog; path = Assets.xcassets; sourceTree = "<group>"; };
		84D9503E20231CA600A101D3 /* Base */ = {isa = PBXFileReference; lastKnownFileType = file.storyboard; name = Base; path = Base.lproj/LaunchScreen.storyboard; sourceTree = "<group>"; };
		84D9504020231CA600A101D3 /* Info.plist */ = {isa = PBXFileReference; lastKnownFileType = text.plist.xml; path = Info.plist; sourceTree = "<group>"; };
		84D9504720231E3D00A101D3 /* ProductsViewController.swift */ = {isa = PBXFileReference; lastKnownFileType = sourcecode.swift; path = ProductsViewController.swift; sourceTree = "<group>"; };
		84D9504920231E4D00A101D3 /* CartViewController.swift */ = {isa = PBXFileReference; lastKnownFileType = sourcecode.swift; path = CartViewController.swift; sourceTree = "<group>"; };
		84D9504B20231E5C00A101D3 /* CurrenciesViewController.swift */ = {isa = PBXFileReference; lastKnownFileType = sourcecode.swift; path = CurrenciesViewController.swift; sourceTree = "<group>"; };
		84D9504D2023242E00A101D3 /* ProductTableViewCell.swift */ = {isa = PBXFileReference; lastKnownFileType = sourcecode.swift; path = ProductTableViewCell.swift; sourceTree = "<group>"; };
		84D950512023292400A101D3 /* CoreDataManager.swift */ = {isa = PBXFileReference; lastKnownFileType = sourcecode.swift; path = CoreDataManager.swift; sourceTree = "<group>"; };
		84D950532023331E00A101D3 /* CoreDataLocalDataImport.swift */ = {isa = PBXFileReference; lastKnownFileType = sourcecode.swift; path = CoreDataLocalDataImport.swift; sourceTree = "<group>"; };
		84D950552023334700A101D3 /* products1.plist */ = {isa = PBXFileReference; lastKnownFileType = text.plist.xml; path = products1.plist; sourceTree = "<group>"; };
		84D9505720234DDF00A101D3 /* Product+Extension.swift */ = {isa = PBXFileReference; lastKnownFileType = sourcecode.swift; path = "Product+Extension.swift"; sourceTree = "<group>"; };
		84D950592023562000A101D3 /* CartTableViewCell.swift */ = {isa = PBXFileReference; lastKnownFileType = sourcecode.swift; path = CartTableViewCell.swift; sourceTree = "<group>"; };
		84D9505B202358B700A101D3 /* SaleItem+Extension.swift */ = {isa = PBXFileReference; lastKnownFileType = sourcecode.swift; path = "SaleItem+Extension.swift"; sourceTree = "<group>"; };
		84D9505D202359E000A101D3 /* Sale+Extension.swift */ = {isa = PBXFileReference; lastKnownFileType = sourcecode.swift; path = "Sale+Extension.swift"; sourceTree = "<group>"; };
		84D9505F20235B0A00A101D3 /* SaleManager.swift */ = {isa = PBXFileReference; lastKnownFileType = sourcecode.swift; path = SaleManager.swift; sourceTree = "<group>"; };
/* End PBXFileReference section */

/* Begin PBXFrameworksBuildPhase section */
		84D9502B20231CA600A101D3 /* Frameworks */ = {
			isa = PBXFrameworksBuildPhase;
			buildActionMask = 2147483647;
			files = (
			);
			runOnlyForDeploymentPostprocessing = 0;
		};
/* End PBXFrameworksBuildPhase section */

/* Begin PBXGroup section */
		84D9502520231CA600A101D3 = {
			isa = PBXGroup;
			children = (
				84D9503020231CA600A101D3 /* ShoppingCart */,
				84D9502F20231CA600A101D3 /* Products */,
			);
			sourceTree = "<group>";
		};
		84D9502F20231CA600A101D3 /* Products */ = {
			isa = PBXGroup;
			children = (
				84D9502E20231CA600A101D3 /* ShoppingCart.app */,
			);
			name = Products;
			sourceTree = "<group>";
		};
		84D9503020231CA600A101D3 /* ShoppingCart */ = {
			isa = PBXGroup;
			children = (
				84D9504F202328B800A101D3 /* DataLayer */,
				84D9504620231DF100A101D3 /* UI */,
				84D9503120231CA600A101D3 /* AppDelegate.swift */,
				84D9503520231CA600A101D3 /* Main.storyboard */,
				84D9503B20231CA600A101D3 /* Assets.xcassets */,
				84D9503D20231CA600A101D3 /* LaunchScreen.storyboard */,
				84D9504020231CA600A101D3 /* Info.plist */,
				84D9503820231CA600A101D3 /* ShoppingCart.xcdatamodeld */,
			);
			path = ShoppingCart;
			sourceTree = "<group>";
		};
		84D9504620231DF100A101D3 /* UI */ = {
			isa = PBXGroup;
			children = (
				84D9504720231E3D00A101D3 /* ProductsViewController.swift */,
				84D9504920231E4D00A101D3 /* CartViewController.swift */,
				84D9504B20231E5C00A101D3 /* CurrenciesViewController.swift */,
				84D9504D2023242E00A101D3 /* ProductTableViewCell.swift */,
				84D950592023562000A101D3 /* CartTableViewCell.swift */,
			);
			path = UI;
			sourceTree = "<group>";
		};
		84D9504F202328B800A101D3 /* DataLayer */ = {
			isa = PBXGroup;
			children = (
				84D95050202328B800A101D3 /* CoreData */,
				84D9505F20235B0A00A101D3 /* SaleManager.swift */,
			);
			path = DataLayer;
			sourceTree = "<group>";
		};
		84D95050202328B800A101D3 /* CoreData */ = {
			isa = PBXGroup;
			children = (
				84D950512023292400A101D3 /* CoreDataManager.swift */,
				84D950532023331E00A101D3 /* CoreDataLocalDataImport.swift */,
				84D950552023334700A101D3 /* products1.plist */,
				84D9505720234DDF00A101D3 /* Product+Extension.swift */,
				84D9505B202358B700A101D3 /* SaleItem+Extension.swift */,
				84D9505D202359E000A101D3 /* Sale+Extension.swift */,
			);
			path = CoreData;
			sourceTree = "<group>";
		};
/* End PBXGroup section */

/* Begin PBXNativeTarget section */
		84D9502D20231CA600A101D3 /* ShoppingCart */ = {
			isa = PBXNativeTarget;
			buildConfigurationList = 84D9504320231CA600A101D3 /* Build configuration list for PBXNativeTarget "ShoppingCart" */;
			buildPhases = (
				84D9502A20231CA600A101D3 /* Sources */,
				84D9502B20231CA600A101D3 /* Frameworks */,
				84D9502C20231CA600A101D3 /* Resources */,
			);
			buildRules = (
			);
			dependencies = (
			);
			name = ShoppingCart;
			productName = ShoppingCart;
			productReference = 84D9502E20231CA600A101D3 /* ShoppingCart.app */;
			productType = "com.apple.product-type.application";
		};
/* End PBXNativeTarget section */

/* Begin PBXProject section */
		84D9502620231CA600A101D3 /* Project object */ = {
			isa = PBXProject;
			attributes = {
				LastSwiftUpdateCheck = 0910;
				LastUpgradeCheck = 0910;
				ORGANIZATIONNAME = "Rott Marius Gabriel";
				TargetAttributes = {
					84D9502D20231CA600A101D3 = {
						CreatedOnToolsVersion = 9.1;
						ProvisioningStyle = Automatic;
					};
				};
			};
			buildConfigurationList = 84D9502920231CA600A101D3 /* Build configuration list for PBXProject "ShoppingCart" */;
			compatibilityVersion = "Xcode 8.0";
			developmentRegion = en;
			hasScannedForEncodings = 0;
			knownRegions = (
				en,
				Base,
			);
			mainGroup = 84D9502520231CA600A101D3;
			productRefGroup = 84D9502F20231CA600A101D3 /* Products */;
			projectDirPath = "";
			projectRoot = "";
			targets = (
				84D9502D20231CA600A101D3 /* ShoppingCart */,
			);
		};
/* End PBXProject section */

/* Begin PBXResourcesBuildPhase section */
		84D9502C20231CA600A101D3 /* Resources */ = {
			isa = PBXResourcesBuildPhase;
			buildActionMask = 2147483647;
			files = (
				84D9503F20231CA600A101D3 /* LaunchScreen.storyboard in Resources */,
				84D9503C20231CA600A101D3 /* Assets.xcassets in Resources */,
				84D950562023334700A101D3 /* products1.plist in Resources */,
				84D9503720231CA600A101D3 /* Main.storyboard in Resources */,
			);
			runOnlyForDeploymentPostprocessing = 0;
		};
/* End PBXResourcesBuildPhase section */

/* Begin PBXSourcesBuildPhase section */
		84D9502A20231CA600A101D3 /* Sources */ = {
			isa = PBXSourcesBuildPhase;
			buildActionMask = 2147483647;
			files = (
				84D9505E202359E000A101D3 /* Sale+Extension.swift in Sources */,
				84D9506020235B0A00A101D3 /* SaleManager.swift in Sources */,
				84D9504C20231E5C00A101D3 /* CurrenciesViewController.swift in Sources */,
				84D9504A20231E4D00A101D3 /* CartViewController.swift in Sources */,
				84D9504820231E3D00A101D3 /* ProductsViewController.swift in Sources */,
				84D950542023331E00A101D3 /* CoreDataLocalDataImport.swift in Sources */,
				84D9503A20231CA600A101D3 /* ShoppingCart.xcdatamodeld in Sources */,
				84D9503220231CA600A101D3 /* AppDelegate.swift in Sources */,
				84D9505820234DDF00A101D3 /* Product+Extension.swift in Sources */,
				84D9505C202358B700A101D3 /* SaleItem+Extension.swift in Sources */,
				84D9505A2023562000A101D3 /* CartTableViewCell.swift in Sources */,
				84D950522023292400A101D3 /* CoreDataManager.swift in Sources */,
				84D9504E2023242E00A101D3 /* ProductTableViewCell.swift in Sources */,
			);
			runOnlyForDeploymentPostprocessing = 0;
		};
/* End PBXSourcesBuildPhase section */

/* Begin PBXVariantGroup section */
		84D9503520231CA600A101D3 /* Main.storyboard */ = {
			isa = PBXVariantGroup;
			children = (
				84D9503620231CA600A101D3 /* Base */,
			);
			name = Main.storyboard;
			sourceTree = "<group>";
		};
		84D9503D20231CA600A101D3 /* LaunchScreen.storyboard */ = {
			isa = PBXVariantGroup;
			children = (
				84D9503E20231CA600A101D3 /* Base */,
			);
			name = LaunchScreen.storyboard;
			sourceTree = "<group>";
		};
/* End PBXVariantGroup section */

/* Begin XCBuildConfiguration section */
		84D9504120231CA600A101D3 /* Debug */ = {
			isa = XCBuildConfiguration;
			buildSettings = {
				ALWAYS_SEARCH_USER_PATHS = NO;
				CLANG_ANALYZER_NONNULL = YES;
				CLANG_ANALYZER_NUMBER_OBJECT_CONVERSION = YES_AGGRESSIVE;
				CLANG_CXX_LANGUAGE_STANDARD = "gnu++14";
				CLANG_CXX_LIBRARY = "libc++";
				CLANG_ENABLE_MODULES = YES;
				CLANG_ENABLE_OBJC_ARC = YES;
				CLANG_WARN_BLOCK_CAPTURE_AUTORELEASING = YES;
				CLANG_WARN_BOOL_CONVERSION = YES;
				CLANG_WARN_COMMA = YES;
				CLANG_WARN_CONSTANT_CONVERSION = YES;
				CLANG_WARN_DIRECT_OBJC_ISA_USAGE = YES_ERROR;
				CLANG_WARN_DOCUMENTATION_COMMENTS = YES;
				CLANG_WARN_EMPTY_BODY = YES;
				CLANG_WARN_ENUM_CONVERSION = YES;
				CLANG_WARN_INFINITE_RECURSION = YES;
				CLANG_WARN_INT_CONVERSION = YES;
				CLANG_WARN_NON_LITERAL_NULL_CONVERSION = YES;
				CLANG_WARN_OBJC_LITERAL_CONVERSION = YES;
				CLANG_WARN_OBJC_ROOT_CLASS = YES_ERROR;
				CLANG_WARN_RANGE_LOOP_ANALYSIS = YES;
				CLANG_WARN_STRICT_PROTOTYPES = YES;
				CLANG_WARN_SUSPICIOUS_MOVE = YES;
				CLANG_WARN_UNGUARDED_AVAILABILITY = YES_AGGRESSIVE;
				CLANG_WARN_UNREACHABLE_CODE = YES;
				CLANG_WARN__DUPLICATE_METHOD_MATCH = YES;
				CODE_SIGN_IDENTITY = "iPhone Developer";
				COPY_PHASE_STRIP = NO;
				DEBUG_INFORMATION_FORMAT = dwarf;
				ENABLE_STRICT_OBJC_MSGSEND = YES;
				ENABLE_TESTABILITY = YES;
				GCC_C_LANGUAGE_STANDARD = gnu11;
				GCC_DYNAMIC_NO_PIC = NO;
				GCC_NO_COMMON_BLOCKS = YES;
				GCC_OPTIMIZATION_LEVEL = 0;
				GCC_PREPROCESSOR_DEFINITIONS = (
					"DEBUG=1",
					"$(inherited)",
				);
				GCC_WARN_64_TO_32_BIT_CONVERSION = YES;
				GCC_WARN_ABOUT_RETURN_TYPE = YES_ERROR;
				GCC_WARN_UNDECLARED_SELECTOR = YES;
				GCC_WARN_UNINITIALIZED_AUTOS = YES_AGGRESSIVE;
				GCC_WARN_UNUSED_FUNCTION = YES;
				GCC_WARN_UNUSED_VARIABLE = YES;
				IPHONEOS_DEPLOYMENT_TARGET = 11.1;
				MTL_ENABLE_DEBUG_INFO = YES;
				ONLY_ACTIVE_ARCH = YES;
				SDKROOT = iphoneos;
				SWIFT_ACTIVE_COMPILATION_CONDITIONS = DEBUG;
				SWIFT_OPTIMIZATION_LEVEL = "-Onone";
			};
			name = Debug;
		};
		84D9504220231CA600A101D3 /* Release */ = {
			isa = XCBuildConfiguration;
			buildSettings = {
				ALWAYS_SEARCH_USER_PATHS = NO;
				CLANG_ANALYZER_NONNULL = YES;
				CLANG_ANALYZER_NUMBER_OBJECT_CONVERSION = YES_AGGRESSIVE;
				CLANG_CXX_LANGUAGE_STANDARD = "gnu++14";
				CLANG_CXX_LIBRARY = "libc++";
				CLANG_ENABLE_MODULES = YES;
				CLANG_ENABLE_OBJC_ARC = YES;
				CLANG_WARN_BLOCK_CAPTURE_AUTORELEASING = YES;
				CLANG_WARN_BOOL_CONVERSION = YES;
				CLANG_WARN_COMMA = YES;
				CLANG_WARN_CONSTANT_CONVERSION = YES;
				CLANG_WARN_DIRECT_OBJC_ISA_USAGE = YES_ERROR;
				CLANG_WARN_DOCUMENTATION_COMMENTS = YES;
				CLANG_WARN_EMPTY_BODY = YES;
				CLANG_WARN_ENUM_CONVERSION = YES;
				CLANG_WARN_INFINITE_RECURSION = YES;
				CLANG_WARN_INT_CONVERSION = YES;
				CLANG_WARN_NON_LITERAL_NULL_CONVERSION = YES;
				CLANG_WARN_OBJC_LITERAL_CONVERSION = YES;
				CLANG_WARN_OBJC_ROOT_CLASS = YES_ERROR;
				CLANG_WARN_RANGE_LOOP_ANALYSIS = YES;
				CLANG_WARN_STRICT_PROTOTYPES = YES;
				CLANG_WARN_SUSPICIOUS_MOVE = YES;
				CLANG_WARN_UNGUARDED_AVAILABILITY = YES_AGGRESSIVE;
				CLANG_WARN_UNREACHABLE_CODE = YES;
				CLANG_WARN__DUPLICATE_METHOD_MATCH = YES;
				CODE_SIGN_IDENTITY = "iPhone Developer";
				COPY_PHASE_STRIP = NO;
				DEBUG_INFORMATION_FORMAT = "dwarf-with-dsym";
				ENABLE_NS_ASSERTIONS = NO;
				ENABLE_STRICT_OBJC_MSGSEND = YES;
				GCC_C_LANGUAGE_STANDARD = gnu11;
				GCC_NO_COMMON_BLOCKS = YES;
				GCC_WARN_64_TO_32_BIT_CONVERSION = YES;
				GCC_WARN_ABOUT_RETURN_TYPE = YES_ERROR;
				GCC_WARN_UNDECLARED_SELECTOR = YES;
				GCC_WARN_UNINITIALIZED_AUTOS = YES_AGGRESSIVE;
				GCC_WARN_UNUSED_FUNCTION = YES;
				GCC_WARN_UNUSED_VARIABLE = YES;
				IPHONEOS_DEPLOYMENT_TARGET = 11.1;
				MTL_ENABLE_DEBUG_INFO = NO;
				SDKROOT = iphoneos;
				SWIFT_OPTIMIZATION_LEVEL = "-Owholemodule";
				VALIDATE_PRODUCT = YES;
			};
			name = Release;
		};
		84D9504420231CA600A101D3 /* Debug */ = {
			isa = XCBuildConfiguration;
			buildSettings = {
				ASSETCATALOG_COMPILER_APPICON_NAME = AppIcon;
				CODE_SIGN_STYLE = Automatic;
				DEVELOPMENT_TEAM = QZRMLEHAR2;
				INFOPLIST_FILE = ShoppingCart/Info.plist;
				LD_RUNPATH_SEARCH_PATHS = "$(inherited) @executable_path/Frameworks";
				PRODUCT_BUNDLE_IDENTIFIER = com.mrott.ShoppingCart;
				PRODUCT_NAME = "$(TARGET_NAME)";
				SWIFT_VERSION = 4.0;
				TARGETED_DEVICE_FAMILY = "1,2";
			};
			name = Debug;
		};
		84D9504520231CA600A101D3 /* Release */ = {
			isa = XCBuildConfiguration;
			buildSettings = {
				ASSETCATALOG_COMPILER_APPICON_NAME = AppIcon;
				CODE_SIGN_STYLE = Automatic;
				DEVELOPMENT_TEAM = QZRMLEHAR2;
				INFOPLIST_FILE = ShoppingCart/Info.plist;
				LD_RUNPATH_SEARCH_PATHS = "$(inherited) @executable_path/Frameworks";
				PRODUCT_BUNDLE_IDENTIFIER = com.mrott.ShoppingCart;
				PRODUCT_NAME = "$(TARGET_NAME)";
				SWIFT_VERSION = 4.0;
				TARGETED_DEVICE_FAMILY = "1,2";
			};
			name = Release;
		};
/* End XCBuildConfiguration section */

/* Begin XCConfigurationList section */
		84D9502920231CA600A101D3 /* Build configuration list for PBXProject "ShoppingCart" */ = {
			isa = XCConfigurationList;
			buildConfigurations = (
				84D9504120231CA600A101D3 /* Debug */,
				84D9504220231CA600A101D3 /* Release */,
			);
			defaultConfigurationIsVisible = 0;
			defaultConfigurationName = Release;
		};
		84D9504320231CA600A101D3 /* Build configuration list for PBXNativeTarget "ShoppingCart" */ = {
			isa = XCConfigurationList;
			buildConfigurations = (
				84D9504420231CA600A101D3 /* Debug */,
				84D9504520231CA600A101D3 /* Release */,
			);
			defaultConfigurationIsVisible = 0;
			defaultConfigurationName = Release;
		};
/* End XCConfigurationList section */

/* Begin XCVersionGroup section */
		84D9503820231CA600A101D3 /* ShoppingCart.xcdatamodeld */ = {
			isa = XCVersionGroup;
			children = (
				84D9503920231CA600A101D3 /* ShoppingCart.xcdatamodel */,
			);
			currentVersion = 84D9503920231CA600A101D3 /* ShoppingCart.xcdatamodel */;
			path = ShoppingCart.xcdatamodeld;
			sourceTree = "<group>";
			versionGroupType = wrapper.xcdatamodel;
		};
/* End XCVersionGroup section */
	};
	rootObject = 84D9502620231CA600A101D3 /* Project object */;
}
